
Microsoft Visual Studio Solution File, Format Version 12.00
# Visual Studio Version 16
VisualStudioVersion = 16.0.32106.194
MinimumVisualStudioVersion = 10.0.40219.1
Project("{FAE04EC0-301F-11D3-BF4B-00C04F79EFBC}") = "ConsoleApp2", "ConsoleApp2\ConsoleApp2.csproj", "{45589166-CD4A-48EE-847D-DCF21B216F9F}"
EndProject
Global
	GlobalSection(SolutionConfigurationPlatforms) = preSolution
		Debug|Any CPU = Debug|Any CPU
		Release|Any CPU = Release|Any CPU
	EndGlobalSection
	GlobalSection(ProjectConfigurationPlatforms) = postSolution
		{45589166-CD4A-48EE-847D-DCF21B216F9F}.Debug|Any CPU.ActiveCfg = Debug|Any CPU
		{45589166-CD4A-48EE-847D-DCF21B216F9F}.Debug|Any CPU.Build.0 = Debug|Any CPU
		{45589166-CD4A-48EE-847D-DCF21B216F9F}.Release|Any CPU.ActiveCfg = Release|Any CPU
		{45589166-CD4A-48EE-847D-DCF21B216F9F}.Release|Any CPU.Build.0 = Release|Any CPU
	EndGlobalSection
	GlobalSection(SolutionProperties) = preSolution
		HideSolutionNode = FALSE
	EndGlobalSection
	GlobalSection(ExtensibilityGlobals) = postSolution
		SolutionGuid = {6992200F-095F-4B07-AB20-FB9FF40A47C2}
	EndGlobalSection
EndGlobal
